dependencies:
- name: common
  repository: oci://registry-1.docker.io/cloudpirates
  version: 2.1.2
- name: mariadb
  repository: oci://registry-1.docker.io/cloudpirates
  version: 0.4.0
digest: sha256:946636edd7670307978b4c02ec1d6b4efd45c3360bd5012f0d51b8894229a794
generated: "2026-01-28T14:25:50.3301334+01:00"
