dependencies:
- name: common
  repository: oci://registry-1.docker.io/cloudpirates
  version: 2.2.0
- name: mariadb
  repository: oci://registry-1.docker.io/cloudpirates
  version: 0.4.0
digest: sha256:f032f9794e05de151415267ffad9750235648005267d9f64df3614228df0fb4a
generated: "2026-02-16T16:48:53.326298+01:00"
