dependencies:
- name: common
  repository: oci://registry-1.docker.io/cloudpirates
  version: 2.2.0
- name: postgres
  repository: oci://registry-1.docker.io/cloudpirates
  version: 0.9.0
- name: mariadb
  repository: oci://registry-1.docker.io/cloudpirates
  version: 0.4.0
digest: sha256:05cd1f52e198c5abf39c5b0263fa5f47e9c80fcf69e154fa0e77356545e53afc
generated: "2026-02-16T16:49:00.698096+01:00"
