dependencies:
- name: common
  repository: oci://registry-1.docker.io/cloudpirates
  version: 2.1.2
- name: postgres
  repository: oci://registry-1.docker.io/cloudpirates
  version: 0.9.0
- name: mariadb
  repository: oci://registry-1.docker.io/cloudpirates
  version: 0.4.0
digest: sha256:1ea5a6cac7502d9c5a8fd0513b44e5e5f4f4418c5c4dabdb6b4210008687f427
generated: "2026-01-28T14:25:53.3691562+01:00"
