dependencies:
- name: common
  repository: oci://registry-1.docker.io/cloudpirates
  version: 2.0.0
- name: valkey
  repository: oci://registry-1.docker.io/cloudpirates
  version: 0.10.0
digest: sha256:3577965d83abf44b24131494401cae4f1176284373b8a42581317602a77430dc
generated: "2025-11-12T14:04:15.897660697Z"
