dependencies:
- name: common
  repository: oci://registry-1.docker.io/cloudpirates
  version: 2.2.0
- name: valkey
  repository: oci://registry-1.docker.io/cloudpirates
  version: 0.16.0
digest: sha256:8888afe3d4666e16475c8b0b12b016d163db05582cd52d87380f0a8916378c44
generated: "2026-02-16T16:50:21.092339+01:00"
