dependencies:
- name: common
  repository: oci://registry-1.docker.io/cloudpirates
  version: 2.2.0
- name: valkey
  repository: oci://registry-1.docker.io/cloudpirates
  version: 0.20.0
digest: sha256:edbc62d0b24887c4f409e5ef55b05e5c17aa49666e63d19c334d1ca530825837
generated: "2026-04-27T06:59:20.385544401Z"
